
Microsoft Visual Studio Solution File, Format Version 12.00
# Visual Studio Version 16
VisualStudioVersion = 16.0.31613.86
MinimumVisualStudioVersion = 10.0.40219.1
Project("{FAE04EC0-301F-11D3-BF4B-00C04F79EFBC}") = "Техничесикй осмотр автомобилей", "Техничесикй осмотр автомобилей\Техничесикй осмотр автомобилей.csproj", "{2E3407AE-15F5-4E96-A926-5694B87D2A71}"
EndProject
Global
	GlobalSection(SolutionConfigurationPlatforms) = preSolution
		Debug|Any CPU = Debug|Any CPU
		Release|Any CPU = Release|Any CPU
	EndGlobalSection
	GlobalSection(ProjectConfigurationPlatforms) = postSolution
		{2E3407AE-15F5-4E96-A926-5694B87D2A71}.Debug|Any CPU.ActiveCfg = Debug|Any CPU
		{2E3407AE-15F5-4E96-A926-5694B87D2A71}.Debug|Any CPU.Build.0 = Debug|Any CPU
		{2E3407AE-15F5-4E96-A926-5694B87D2A71}.Release|Any CPU.ActiveCfg = Release|Any CPU
		{2E3407AE-15F5-4E96-A926-5694B87D2A71}.Release|Any CPU.Build.0 = Release|Any CPU
	EndGlobalSection
	GlobalSection(SolutionProperties) = preSolution
		HideSolutionNode = FALSE
	EndGlobalSection
	GlobalSection(ExtensibilityGlobals) = postSolution
		SolutionGuid = {178FA4A0-C23E-47BC-A5EA-0A11396BA4E1}
	EndGlobalSection
EndGlobal
